{
    "api-platform/core": {
        "version": "3.1",
        "recipe": {
            "repo": "github.com/schranz-php-recipes/symfony-recipes-php",
            "branch": "main",
            "version": "3.0",
            "ref": "d9417a435d16dd91d7eb1eba547a9cb214cfccfe"
        },
        "files": [
            "config/routes/api_platform.php",
            "src/ApiResource/.gitignore"
        ]
    },
    "doctrine/annotations": {
        "version": "1.13",
        "recipe": {
            "repo": "github.com/symfony/recipes",
            "branch": "master",
            "version": "1.10",
            "ref": "64d8583af5ea57b7afa4aba4b159907f3a148b05"
        }
    },
    "doctrine/cache": {
        "version": "2.1.1"
    },
    "doctrine/collections": {
        "version": "1.6.8"
    },
    "doctrine/common": {
        "version": "3.2.2"
    },
    "doctrine/dbal": {
        "version": "3.3.3"
    },
    "doctrine/deprecations": {
        "version": "v0.5.3"
    },
    "doctrine/doctrine-bundle": {
        "version": "2.8",
        "recipe": {
            "repo": "github.com/schranz-php-recipes/symfony-recipes-php",
            "branch": "main",
            "version": "2.8",
            "ref": "e579d757d06cadab2b603bae248744ba9c4561de"
        },
        "files": [
            "config/packages/doctrine.php",
            "src/Entity/.gitignore",
            "src/Repository/.gitignore"
        ]
    },
    "doctrine/event-manager": {
        "version": "1.1.1"
    },
    "doctrine/inflector": {
        "version": "2.0.4"
    },
    "doctrine/instantiator": {
        "version": "1.4.1"
    },
    "doctrine/lexer": {
        "version": "1.2.3"
    },
    "doctrine/orm": {
        "version": "2.11.2"
    },
    "doctrine/persistence": {
        "version": "2.4.0"
    },
    "doctrine/sql-formatter": {
        "version": "1.1.2"
    },
    "fig/link-util": {
        "version": "1.2.0"
    },
    "friendsofphp/php-cs-fixer": {
        "version": "3.11",
        "recipe": {
            "repo": "github.com/symfony/recipes",
            "branch": "main",
            "version": "3.0",
            "ref": "be2103eb4a20942e28a6dd87736669b757132435"
        },
        "files": [
            ".php-cs-fixer.dist.php"
        ]
    },
    "friendsofphp/proxy-manager-lts": {
        "version": "v1.0.7"
    },
    "laminas/laminas-code": {
        "version": "4.5.1"
    },
    "monolog/monolog": {
        "version": "2.4.0"
    },
    "nelmio/cors-bundle": {
        "version": "2.2",
        "recipe": {
            "repo": "github.com/schranz-php-recipes/symfony-recipes-php",
            "branch": "main",
            "version": "1.5",
            "ref": "f818ca1a144e57496762ae837d9929543f042751"
        },
        "files": [
            "config/packages/nelmio_cors.php"
        ]
    },
    "phpdocumentor/reflection-common": {
        "version": "2.2.0"
    },
    "phpdocumentor/reflection-docblock": {
        "version": "5.3.0"
    },
    "phpdocumentor/type-resolver": {
        "version": "1.6.0"
    },
    "phpstan/phpdoc-parser": {
        "version": "1.2.0"
    },
    "phpunit/phpunit": {
        "version": "9.5",
        "recipe": {
            "repo": "github.com/symfony/recipes",
            "branch": "main",
            "version": "9.3",
            "ref": "a6249a6c4392e9169b87abf93225f7f9f59025e6"
        },
        "files": [
            ".env.test",
            "phpunit.xml.dist",
            "tests/bootstrap.php"
        ]
    },
    "psr/cache": {
        "version": "3.0.0"
    },
    "psr/container": {
        "version": "2.0.2"
    },
    "psr/event-dispatcher": {
        "version": "1.0.0"
    },
    "psr/link": {
        "version": "2.0.1"
    },
    "psr/log": {
        "version": "3.0.0"
    },
    "qossmic/deptrac-shim": {
        "version": "0.24",
        "recipe": {
            "repo": "github.com/symfony/recipes-contrib",
            "branch": "main",
            "version": "0.19",
            "ref": "3c3daab46226c37fc14e10faf81df737a3039d96"
        },
        "files": [
            "deptrac.yaml"
        ]
    },
    "symfony/asset": {
        "version": "v6.0.3"
    },
    "symfony/cache": {
        "version": "v6.0.6"
    },
    "symfony/cache-contracts": {
        "version": "v3.0.0"
    },
    "symfony/config": {
        "version": "v6.0.3"
    },
    "symfony/console": {
        "version": "6.0",
        "recipe": {
            "repo": "github.com/symfony/recipes",
            "branch": "master",
            "version": "5.3",
            "ref": "da0c8be8157600ad34f10ff0c9cc91232522e047"
        },
        "files": [
            "bin/console"
        ]
    },
    "symfony/debug-bundle": {
        "version": "6.2",
        "recipe": {
            "repo": "github.com/schranz-php-recipes/symfony-recipes-php",
            "branch": "main",
            "version": "5.3",
            "ref": "31687d470bd812209d9da6b673ed2aba38521547"
        },
        "files": [
            "config/packages/debug.php"
        ]
    },
    "symfony/dependency-injection": {
        "version": "v6.0.6"
    },
    "symfony/deprecation-contracts": {
        "version": "v3.0.0"
    },
    "symfony/doctrine-bridge": {
        "version": "v6.0.6"
    },
    "symfony/dotenv": {
        "version": "v6.0.5"
    },
    "symfony/error-handler": {
        "version": "v6.0.3"
    },
    "symfony/event-dispatcher": {
        "version": "v6.0.3"
    },
    "symfony/event-dispatcher-contracts": {
        "version": "v3.0.0"
    },
    "symfony/expression-language": {
        "version": "v6.0.3"
    },
    "symfony/filesystem": {
        "version": "v6.0.6"
    },
    "symfony/finder": {
        "version": "v6.0.3"
    },
    "symfony/flex": {
        "version": "2.2",
        "recipe": {
            "repo": "github.com/schranz-php-recipes/symfony-recipes-php",
            "branch": "main",
            "version": "1.0",
            "ref": "146251ae39e06a95be0fe3d13c807bcf3938b172"
        },
        "files": [
            ".env"
        ]
    },
    "symfony/framework-bundle": {
        "version": "6.2",
        "recipe": {
            "repo": "github.com/schranz-php-recipes/symfony-recipes-php",
            "branch": "main",
            "version": "6.2",
            "ref": "7106e360bba0b323cfdad1ee63533f75229bdddd"
        },
        "files": [
            "config/packages/cache.php",
            "config/packages/framework.php",
            "config/preload.php",
            "config/routes/framework.php",
            "config/services.php",
            "public/index.php",
            "src/Controller/.gitignore",
            "src/Kernel.php"
        ]
    },
    "symfony/http-foundation": {
        "version": "v6.0.6"
    },
    "symfony/http-kernel": {
        "version": "v6.0.6"
    },
    "symfony/messenger": {
        "version": "6.2",
        "recipe": {
            "repo": "github.com/schranz-php-recipes/symfony-recipes-php",
            "branch": "main",
            "version": "6.0",
            "ref": "495a41e4ea82968732087767c3cacf1cacd7eee8"
        },
        "files": [
            "config/packages/messenger.php"
        ]
    },
    "symfony/monolog-bridge": {
        "version": "v6.0.3"
    },
    "symfony/monolog-bundle": {
        "version": "3.8",
        "recipe": {
            "repo": "github.com/schranz-php-recipes/symfony-recipes-php",
            "branch": "main",
            "version": "3.7",
            "ref": "96b724d9eee133f18d4845f90948c5d864cfb286"
        },
        "files": [
            "config/packages/monolog.php"
        ]
    },
    "symfony/password-hasher": {
        "version": "v6.0.3"
    },
    "symfony/phpunit-bridge": {
        "version": "6.2",
        "recipe": {
            "repo": "github.com/schranz-php-recipes/symfony-recipes-php",
            "branch": "main",
            "version": "5.3",
            "ref": "819d3d2ffa4590eba0b8f4f3e5e89415ee4e45c3"
        },
        "files": [
            ".env.test",
            "bin/phpunit",
            "phpunit.xml.dist",
            "tests/bootstrap.php"
        ]
    },
    "symfony/polyfill-intl-grapheme": {
        "version": "v1.25.0"
    },
    "symfony/polyfill-intl-normalizer": {
        "version": "v1.25.0"
    },
    "symfony/polyfill-mbstring": {
        "version": "v1.25.0"
    },
    "symfony/polyfill-php81": {
        "version": "v1.25.0"
    },
    "symfony/polyfill-uuid": {
        "version": "v1.25.0"
    },
    "symfony/property-access": {
        "version": "v6.0.5"
    },
    "symfony/property-info": {
        "version": "v6.0.3"
    },
    "symfony/proxy-manager-bridge": {
        "version": "v6.0.6"
    },
    "symfony/routing": {
        "version": "6.2",
        "recipe": {
            "repo": "github.com/schranz-php-recipes/symfony-recipes-php",
            "branch": "main",
            "version": "6.2",
            "ref": "14f3dfdb1a4de4c60baeedbf320af6959b66cf65"
        },
        "files": [
            "config/packages/routing.php",
            "config/routes.php"
        ]
    },
    "symfony/runtime": {
        "version": "v6.0.5"
    },
    "symfony/security-bundle": {
        "version": "6.2",
        "recipe": {
            "repo": "github.com/schranz-php-recipes/symfony-recipes-php",
            "branch": "main",
            "version": "6.0",
            "ref": "a495b223821bb3a49947b1a041720173f5a1dac6"
        },
        "files": [
            "config/packages/security.php"
        ]
    },
    "symfony/security-core": {
        "version": "v6.0.5"
    },
    "symfony/security-csrf": {
        "version": "v6.0.3"
    },
    "symfony/security-http": {
        "version": "v6.0.5"
    },
    "symfony/serializer": {
        "version": "v6.0.6"
    },
    "symfony/service-contracts": {
        "version": "v3.0.0"
    },
    "symfony/stopwatch": {
        "version": "v6.0.5"
    },
    "symfony/string": {
        "version": "v6.0.3"
    },
    "symfony/translation-contracts": {
        "version": "v3.0.0"
    },
    "symfony/twig-bridge": {
        "version": "v6.0.5"
    },
    "symfony/twig-bundle": {
        "version": "6.2",
        "recipe": {
            "repo": "github.com/schranz-php-recipes/symfony-recipes-php",
            "branch": "main",
            "version": "5.4",
            "ref": "44d440f374e69400bef3e98f529851b43dfe6685"
        },
        "files": [
            "config/packages/twig.php",
            "templates/base.html.twig"
        ]
    },
    "symfony/uid": {
        "version": "v6.0.3"
    },
    "symfony/validator": {
        "version": "6.2",
        "recipe": {
            "repo": "github.com/schranz-php-recipes/symfony-recipes-php",
            "branch": "main",
            "version": "5.3",
            "ref": "f05ddc36fac6381e494125732d6822b5af2051b3"
        },
        "files": [
            "config/packages/validator.php"
        ]
    },
    "symfony/var-dumper": {
        "version": "v6.0.6"
    },
    "symfony/var-exporter": {
        "version": "v6.0.6"
    },
    "symfony/web-link": {
        "version": "v6.0.3"
    },
    "symfony/web-profiler-bundle": {
        "version": "6.2",
        "recipe": {
            "repo": "github.com/schranz-php-recipes/symfony-recipes-php",
            "branch": "main",
            "version": "6.1",
            "ref": "65c16a9b40070dc15c389b4e54458ede4e7e5c29"
        },
        "files": [
            "config/packages/web_profiler.php",
            "config/routes/web_profiler.php"
        ]
    },
    "symfony/yaml": {
        "version": "v6.0.3"
    },
    "twig/twig": {
        "version": "v3.3.8"
    },
    "webmozart/assert": {
        "version": "1.10.0"
    },
    "willdurand/negotiation": {
        "version": "3.1.0"
    }
}
